
Microsoft Visual Studio Solution File, Format Version 12.00
# Visual Studio Version 17
VisualStudioVersion = 17.2.32616.157
MinimumVisualStudioVersion = 10.0.40219.1
Project("{FAE04EC0-301F-11D3-BF4B-00C04F79EFBC}") = "Credit_Score_App_TDD_Style", "Credit_Score_App_TDD_Style\Credit_Score_App_TDD_Style.csproj", "{B800A0C8-2DEC-453E-AF1F-08B99D629A9D}"
EndProject
Project("{FAE04EC0-301F-11D3-BF4B-00C04F79EFBC}") = "Credit_Score_App_TDD_Style_NUnitTests", "Credit_Score_App_TDD_Style_NUnitTests\Credit_Score_App_TDD_Style_NUnitTests.csproj", "{3D1127DE-42BE-4F78-B1F2-510B15090394}"
EndProject
Global
	GlobalSection(SolutionConfigurationPlatforms) = preSolution
		Debug|Any CPU = Debug|Any CPU
		Release|Any CPU = Release|Any CPU
	EndGlobalSection
	GlobalSection(ProjectConfigurationPlatforms) = postSolution
		{B800A0C8-2DEC-453E-AF1F-08B99D629A9D}.Debug|Any CPU.ActiveCfg = Debug|Any CPU
		{B800A0C8-2DEC-453E-AF1F-08B99D629A9D}.Debug|Any CPU.Build.0 = Debug|Any CPU
		{B800A0C8-2DEC-453E-AF1F-08B99D629A9D}.Release|Any CPU.ActiveCfg = Release|Any CPU
		{B800A0C8-2DEC-453E-AF1F-08B99D629A9D}.Release|Any CPU.Build.0 = Release|Any CPU
		{3D1127DE-42BE-4F78-B1F2-510B15090394}.Debug|Any CPU.ActiveCfg = Debug|Any CPU
		{3D1127DE-42BE-4F78-B1F2-510B15090394}.Debug|Any CPU.Build.0 = Debug|Any CPU
		{3D1127DE-42BE-4F78-B1F2-510B15090394}.Release|Any CPU.ActiveCfg = Release|Any CPU
		{3D1127DE-42BE-4F78-B1F2-510B15090394}.Release|Any CPU.Build.0 = Release|Any CPU
	EndGlobalSection
	GlobalSection(SolutionProperties) = preSolution
		HideSolutionNode = FALSE
	EndGlobalSection
	GlobalSection(ExtensibilityGlobals) = postSolution
		SolutionGuid = {49A30C90-0456-451C-B1FB-D830DB13D11A}
	EndGlobalSection
EndGlobal
